
Microsoft Visual Studio Solution File, Format Version 12.00
# Visual Studio Version 16
VisualStudioVersion = 16.0.29411.108
MinimumVisualStudioVersion = 10.0.40219.1
Project("{9A19103F-16F7-4668-BE54-9A1E7A4F7556}") = "CosmosBlazorApp.API", "CosmosBlazorApp.API\CosmosBlazorApp.API.csproj", "{B1F4C872-893F-4F1B-B2E2-8A9A95B939EB}"
EndProject
Project("{9A19103F-16F7-4668-BE54-9A1E7A4F7556}") = "CosmosBlazorApp.Common", "CosmosBlazorApp.Common\CosmosBlazorApp.Common.csproj", "{79AC6176-00AC-4670-9ED6-4CD3718CDF65}"
EndProject
Global
	GlobalSection(SolutionConfigurationPlatforms) = preSolution
		Debug|Any CPU = Debug|Any CPU
		Release|Any CPU = Release|Any CPU
	EndGlobalSection
	GlobalSection(ProjectConfigurationPlatforms) = postSolution
		{B1F4C872-893F-4F1B-B2E2-8A9A95B939EB}.Debug|Any CPU.ActiveCfg = Debug|Any CPU
		{B1F4C872-893F-4F1B-B2E2-8A9A95B939EB}.Debug|Any CPU.Build.0 = Debug|Any CPU
		{B1F4C872-893F-4F1B-B2E2-8A9A95B939EB}.Release|Any CPU.ActiveCfg = Release|Any CPU
		{B1F4C872-893F-4F1B-B2E2-8A9A95B939EB}.Release|Any CPU.Build.0 = Release|Any CPU
		{79AC6176-00AC-4670-9ED6-4CD3718CDF65}.Debug|Any CPU.ActiveCfg = Debug|Any CPU
		{79AC6176-00AC-4670-9ED6-4CD3718CDF65}.Debug|Any CPU.Build.0 = Debug|Any CPU
		{79AC6176-00AC-4670-9ED6-4CD3718CDF65}.Release|Any CPU.ActiveCfg = Release|Any CPU
		{79AC6176-00AC-4670-9ED6-4CD3718CDF65}.Release|Any CPU.Build.0 = Release|Any CPU
	EndGlobalSection
	GlobalSection(SolutionProperties) = preSolution
		HideSolutionNode = FALSE
	EndGlobalSection
	GlobalSection(ExtensibilityGlobals) = postSolution
		SolutionGuid = {A95E0C3D-64C4-40FD-8EC7-479C90BEEA5B}
	EndGlobalSection
EndGlobal
